// !$*UTF8*$!
{
	archiveVersion = 1;
	classes = {
	};
	objectVersion = 46;
	objects = {

/* Begin PBXBuildFile section */
		7C2E9B521D94F5900095D525 /* main.m in Sources */ = {isa = PBXBuildFile; fileRef = 7C2E9B511D94F5900095D525 /* main.m */; };
		7C2E9B551D94F5900095D525 /* AppDelegate.m in Sources */ = {isa = PBXBuildFile; fileRef = 7C2E9B541D94F5900095D525 /* AppDelegate.m */; };
		7C2E9B581D94F5900095D525 /* ViewController.m in Sources */ = {isa = PBXBuildFile; fileRef = 7C2E9B571D94F5900095D525 /* ViewController.m */; };
		7C2E9B5B1D94F5900095D525 /* Main.storyboard in Resources */ = {isa = PBXBuildFile; fileRef = 7C2E9B591D94F5900095D525 /* Main.storyboard */; };
		7C2E9B5D1D94F5900095D525 /* Assets.xcassets in Resources */ = {isa = PBXBuildFile; fileRef = 7C2E9B5C1D94F5900095D525 /* Assets.xcassets */; };
		7C2E9B601D94F5900095D525 /* LaunchScreen.storyboard in Resources */ = {isa = PBXBuildFile; fileRef = 7C2E9B5E1D94F5900095D525 /* LaunchScreen.storyboard */; };
		7C2E9B691D94F8290095D525 /* ScrollHeaderView.m in Sources */ = {isa = PBXBuildFile; fileRef = 7C2E9B681D94F8290095D525 /* ScrollHeaderView.m */; };
		7CA4752A1D960E6100FF014F /* XHScrollPageView.m in Sources */ = {isa = PBXBuildFile; fileRef = 7CA475291D960E6100FF014F /* XHScrollPageView.m */; };
		7CA475311D96135E00FF014F /* image1@2x.jpg in Resources */ = {isa = PBXBuildFile; fileRef = 7CA4752B1D96135E00FF014F /* image1@2x.jpg */; };
		7CA475321D96135E00FF014F /* image5@2x.jpg in Resources */ = {isa = PBXBuildFile; fileRef = 7CA4752C1D96135E00FF014F /* image5@2x.jpg */; };
		7CA475331D96135E00FF014F /* image6@2x.jpg in Resources */ = {isa = PBXBuildFile; fileRef = 7CA4752D1D96135E00FF014F /* image6@2x.jpg */; };
		7CA475341D96135E00FF014F /* image4@2x.jpg in Resources */ = {isa = PBXBuildFile; fileRef = 7CA4752E1D96135E00FF014F /* image4@2x.jpg */; };
		7CA475351D96135E00FF014F /* image3@2x.jpg in Resources */ = {isa = PBXBuildFile; fileRef = 7CA4752F1D96135E00FF014F /* image3@2x.jpg */; };
		7CA475361D96135E00FF014F /* image2@2x.jpg in Resources */ = {isa = PBXBuildFile; fileRef = 7CA475301D96135E00FF014F /* image2@2x.jpg */; };
		7CA475391D961F4E00FF014F /* XHScrollView.m in Sources */ = {isa = PBXBuildFile; fileRef = 7CA475381D961F4E00FF014F /* XHScrollView.m */; };
		ACD9A3E2EF7F388C1E265B7B /* Pods_ScrollViewHeaderView.framework in Frameworks */ = {isa = PBXBuildFile; fileRef = C2CD3EE3372658BAB89FAB6A /* Pods_ScrollViewHeaderView.framework */; };
/* End PBXBuildFile section */

/* Begin PBXFileReference section */
		5B7211E8B644C33160C406AD /* Pods-ScrollViewHeaderView.release.xcconfig */ = {isa = PBXFileReference; includeInIndex = 1; lastKnownFileType = text.xcconfig; name = "Pods-ScrollViewHeaderView.release.xcconfig"; path = "Pods/Target Support Files/Pods-ScrollViewHeaderView/Pods-ScrollViewHeaderView.release.xcconfig"; sourceTree = "<group>"; };
		7C2E9B4D1D94F5900095D525 /* ScrollViewHeaderView.app */ = {isa = PBXFileReference; explicitFileType = wrapper.application; includeInIndex = 0; path = ScrollViewHeaderView.app; sourceTree = BUILT_PRODUCTS_DIR; };
		7C2E9B511D94F5900095D525 /* main.m */ = {isa = PBXFileReference; lastKnownFileType = sourcecode.c.objc; path = main.m; sourceTree = "<group>"; };
		7C2E9B531D94F5900095D525 /* AppDelegate.h */ = {isa = PBXFileReference; lastKnownFileType = sourcecode.c.h; path = AppDelegate.h; sourceTree = "<group>"; };
		7C2E9B541D94F5900095D525 /* AppDelegate.m */ = {isa = PBXFileReference; lastKnownFileType = sourcecode.c.objc; path = AppDelegate.m; sourceTree = "<group>"; };
		7C2E9B561D94F5900095D525 /* ViewController.h */ = {isa = PBXFileReference; lastKnownFileType = sourcecode.c.h; path = ViewController.h; sourceTree = "<group>"; };
		7C2E9B571D94F5900095D525 /* ViewController.m */ = {isa = PBXFileReference; lastKnownFileType = sourcecode.c.objc; path = ViewController.m; sourceTree = "<group>"; };
		7C2E9B5A1D94F5900095D525 /* Base */ = {isa = PBXFileReference; lastKnownFileType = file.storyboard; name = Base; path = Base.lproj/Main.storyboard; sourceTree = "<group>"; };
		7C2E9B5C1D94F5900095D525 /* Assets.xcassets */ = {isa = PBXFileReference; lastKnownFileType = folder.assetcatalog; path = Assets.xcassets; sourceTree = "<group>"; };
		7C2E9B5F1D94F5900095D525 /* Base */ = {isa = PBXFileReference; lastKnownFileType = file.storyboard; name = Base; path = Base.lproj/LaunchScreen.storyboard; sourceTree = "<group>"; };
		7C2E9B611D94F5900095D525 /* Info.plist */ = {isa = PBXFileReference; lastKnownFileType = text.plist.xml; path = Info.plist; sourceTree = "<group>"; };
		7C2E9B671D94F8290095D525 /* ScrollHeaderView.h */ = {isa = PBXFileReference; fileEncoding = 4; lastKnownFileType = sourcecode.c.h; path = ScrollHeaderView.h; sourceTree = "<group>"; };
		7C2E9B681D94F8290095D525 /* ScrollHeaderView.m */ = {isa = PBXFileReference; fileEncoding = 4; lastKnownFileType = sourcecode.c.objc; path = ScrollHeaderView.m; sourceTree = "<group>"; };
		7CA475281D960E6100FF014F /* XHScrollPageView.h */ = {isa = PBXFileReference; fileEncoding = 4; lastKnownFileType = sourcecode.c.h; path = XHScrollPageView.h; sourceTree = "<group>"; };
		7CA475291D960E6100FF014F /* XHScrollPageView.m */ = {isa = PBXFileReference; fileEncoding = 4; lastKnownFileType = sourcecode.c.objc; path = XHScrollPageView.m; sourceTree = "<group>"; };
		7CA4752B1D96135E00FF014F /* image1@2x.jpg */ = {isa = PBXFileReference; lastKnownFileType = image.jpeg; path = "image1@2x.jpg"; sourceTree = "<group>"; };
		7CA4752C1D96135E00FF014F /* image5@2x.jpg */ = {isa = PBXFileReference; lastKnownFileType = image.jpeg; path = "image5@2x.jpg"; sourceTree = "<group>"; };
		7CA4752D1D96135E00FF014F /* image6@2x.jpg */ = {isa = PBXFileReference; lastKnownFileType = image.jpeg; path = "image6@2x.jpg"; sourceTree = "<group>"; };
		7CA4752E1D96135E00FF014F /* image4@2x.jpg */ = {isa = PBXFileReference; lastKnownFileType = image.jpeg; path = "image4@2x.jpg"; sourceTree = "<group>"; };
		7CA4752F1D96135E00FF014F /* image3@2x.jpg */ = {isa = PBXFileReference; lastKnownFileType = image.jpeg; path = "image3@2x.jpg"; sourceTree = "<group>"; };
		7CA475301D96135E00FF014F /* image2@2x.jpg */ = {isa = PBXFileReference; lastKnownFileType = image.jpeg; path = "image2@2x.jpg"; sourceTree = "<group>"; };
		7CA475371D961F4E00FF014F /* XHScrollView.h */ = {isa = PBXFileReference; fileEncoding = 4; lastKnownFileType = sourcecode.c.h; path = XHScrollView.h; sourceTree = "<group>"; };
		7CA475381D961F4E00FF014F /* XHScrollView.m */ = {isa = PBXFileReference; fileEncoding = 4; lastKnownFileType = sourcecode.c.objc; path = XHScrollView.m; sourceTree = "<group>"; };
		BB86EC67C0F39837BF018FBD /* Pods-ScrollViewHeaderView.debug.xcconfig */ = {isa = PBXFileReference; includeInIndex = 1; lastKnownFileType = text.xcconfig; name = "Pods-ScrollViewHeaderView.debug.xcconfig"; path = "Pods/Target Support Files/Pods-ScrollViewHeaderView/Pods-ScrollViewHeaderView.debug.xcconfig"; sourceTree = "<group>"; };
		C2CD3EE3372658BAB89FAB6A /* Pods_ScrollViewHeaderView.framework */ = {isa = PBXFileReference; explicitFileType = wrapper.framework; includeInIndex = 0; path = Pods_ScrollViewHeaderView.framework; sourceTree = BUILT_PRODUCTS_DIR; };
/* End PBXFileReference section */

/* Begin PBXFrameworksBuildPhase section */
		7C2E9B4A1D94F5900095D525 /* Frameworks */ = {
			isa = PBXFrameworksBuildPhase;
			buildActionMask = 2147483647;
			files = (
				ACD9A3E2EF7F388C1E265B7B /* Pods_ScrollViewHeaderView.framework in Frameworks */,
			);
			runOnlyForDeploymentPostprocessing = 0;
		};
/* End PBXFrameworksBuildPhase section */

/* Begin PBXGroup section */
		21DD537042F4A4D68DA831F4 /* Frameworks */ = {
			isa = PBXGroup;
			children = (
				C2CD3EE3372658BAB89FAB6A /* Pods_ScrollViewHeaderView.framework */,
			);
			name = Frameworks;
			sourceTree = "<group>";
		};
		7C2E9B441D94F5900095D525 = {
			isa = PBXGroup;
			children = (
				7C2E9B4F1D94F5900095D525 /* ScrollViewHeaderView */,
				7C2E9B4E1D94F5900095D525 /* Products */,
				CF9AC0CCFADABE6623B61082 /* Pods */,
				21DD537042F4A4D68DA831F4 /* Frameworks */,
			);
			sourceTree = "<group>";
		};
		7C2E9B4E1D94F5900095D525 /* Products */ = {
			isa = PBXGroup;
			children = (
				7C2E9B4D1D94F5900095D525 /* ScrollViewHeaderView.app */,
			);
			name = Products;
			sourceTree = "<group>";
		};
		7C2E9B4F1D94F5900095D525 /* ScrollViewHeaderView */ = {
			isa = PBXGroup;
			children = (
				7C2E9B531D94F5900095D525 /* AppDelegate.h */,
				7C2E9B541D94F5900095D525 /* AppDelegate.m */,
				7CA475281D960E6100FF014F /* XHScrollPageView.h */,
				7CA475291D960E6100FF014F /* XHScrollPageView.m */,
				7CA475371D961F4E00FF014F /* XHScrollView.h */,
				7CA475381D961F4E00FF014F /* XHScrollView.m */,
				7C2E9B561D94F5900095D525 /* ViewController.h */,
				7C2E9B571D94F5900095D525 /* ViewController.m */,
				7C2E9B671D94F8290095D525 /* ScrollHeaderView.h */,
				7C2E9B681D94F8290095D525 /* ScrollHeaderView.m */,
				7C2E9B591D94F5900095D525 /* Main.storyboard */,
				7C2E9B5C1D94F5900095D525 /* Assets.xcassets */,
				7C2E9B5E1D94F5900095D525 /* LaunchScreen.storyboard */,
				7C2E9B611D94F5900095D525 /* Info.plist */,
				7CA4752B1D96135E00FF014F /* image1@2x.jpg */,
				7CA4752C1D96135E00FF014F /* image5@2x.jpg */,
				7CA4752D1D96135E00FF014F /* image6@2x.jpg */,
				7CA4752E1D96135E00FF014F /* image4@2x.jpg */,
				7CA4752F1D96135E00FF014F /* image3@2x.jpg */,
				7CA475301D96135E00FF014F /* image2@2x.jpg */,
				7C2E9B501D94F5900095D525 /* Supporting Files */,
			);
			path = ScrollViewHeaderView;
			sourceTree = "<group>";
		};
		7C2E9B501D94F5900095D525 /* Supporting Files */ = {
			isa = PBXGroup;
			children = (
				7C2E9B511D94F5900095D525 /* main.m */,
			);
			name = "Supporting Files";
			sourceTree = "<group>";
		};
		CF9AC0CCFADABE6623B61082 /* Pods */ = {
			isa = PBXGroup;
			children = (
				BB86EC67C0F39837BF018FBD /* Pods-ScrollViewHeaderView.debug.xcconfig */,
				5B7211E8B644C33160C406AD /* Pods-ScrollViewHeaderView.release.xcconfig */,
			);
			name = Pods;
			sourceTree = "<group>";
		};
/* End PBXGroup section */

/* Begin PBXNativeTarget section */
		7C2E9B4C1D94F5900095D525 /* ScrollViewHeaderView */ = {
			isa = PBXNativeTarget;
			buildConfigurationList = 7C2E9B641D94F5900095D525 /* Build configuration list for PBXNativeTarget "ScrollViewHeaderView" */;
			buildPhases = (
				37C038751EDBD85F24E744E0 /* [CP] Check Pods Manifest.lock */,
				7C2E9B491D94F5900095D525 /* Sources */,
				7C2E9B4A1D94F5900095D525 /* Frameworks */,
				7C2E9B4B1D94F5900095D525 /* Resources */,
				736F2B15D1247C672C7C52F8 /* [CP] Embed Pods Frameworks */,
				3D98CE2E13C3708FDEE2F74D /* [CP] Copy Pods Resources */,
			);
			buildRules = (
			);
			dependencies = (
			);
			name = ScrollViewHeaderView;
			productName = ScrollViewHeaderView;
			productReference = 7C2E9B4D1D94F5900095D525 /* ScrollViewHeaderView.app */;
			productType = "com.apple.product-type.application";
		};
/* End PBXNativeTarget section */

/* Begin PBXProject section */
		7C2E9B451D94F5900095D525 /* Project object */ = {
			isa = PBXProject;
			attributes = {
				LastUpgradeCheck = 0800;
				ORGANIZATIONNAME = huhaifeng;
				TargetAttributes = {
					7C2E9B4C1D94F5900095D525 = {
						CreatedOnToolsVersion = 8.0;
						DevelopmentTeam = RFH8RWQMTB;
						ProvisioningStyle = Automatic;
					};
				};
			};
			buildConfigurationList = 7C2E9B481D94F5900095D525 /* Build configuration list for PBXProject "ScrollViewHeaderView" */;
			compatibilityVersion = "Xcode 3.2";
			developmentRegion = English;
			hasScannedForEncodings = 0;
			knownRegions = (
				en,
				Base,
			);
			mainGroup = 7C2E9B441D94F5900095D525;
			productRefGroup = 7C2E9B4E1D94F5900095D525 /* Products */;
			projectDirPath = "";
			projectRoot = "";
			targets = (
				7C2E9B4C1D94F5900095D525 /* ScrollViewHeaderView */,
			);
		};
/* End PBXProject section */

/* Begin PBXResourcesBuildPhase section */
		7C2E9B4B1D94F5900095D525 /* Resources */ = {
			isa = PBXResourcesBuildPhase;
			buildActionMask = 2147483647;
			files = (
				7C2E9B601D94F5900095D525 /* LaunchScreen.storyboard in Resources */,
				7CA475321D96135E00FF014F /* image5@2x.jpg in Resources */,
				7C2E9B5D1D94F5900095D525 /* Assets.xcassets in Resources */,
				7CA475341D96135E00FF014F /* image4@2x.jpg in Resources */,
				7CA475351D96135E00FF014F /* image3@2x.jpg in Resources */,
				7CA475311D96135E00FF014F /* image1@2x.jpg in Resources */,
				7C2E9B5B1D94F5900095D525 /* Main.storyboard in Resources */,
				7CA475361D96135E00FF014F /* image2@2x.jpg in Resources */,
				7CA475331D96135E00FF014F /* image6@2x.jpg in Resources */,
			);
			runOnlyForDeploymentPostprocessing = 0;
		};
/* End PBXResourcesBuildPhase section */

/* Begin PBXShellScriptBuildPhase section */
		37C038751EDBD85F24E744E0 /* [CP] Check Pods Manifest.lock */ = {
			isa = PBXShellScriptBuildPhase;
			buildActionMask = 2147483647;
			files = (
			);
			inputPaths = (
			);
			name = "[CP] Check Pods Manifest.lock";
			outputPaths = (
			);
			runOnlyForDeploymentPostprocessing = 0;
			shellPath = /bin/sh;
			shellScript = "diff \"${PODS_ROOT}/../Podfile.lock\" \"${PODS_ROOT}/Manifest.lock\" > /dev/null\nif [[ $? != 0 ]] ; then\n    cat << EOM\nerror: The sandbox is not in sync with the Podfile.lock. Run 'pod install' or update your CocoaPods installation.\nEOM\n    exit 1\nfi\n";
			showEnvVarsInLog = 0;
		};
		3D98CE2E13C3708FDEE2F74D /* [CP] Copy Pods Resources */ = {
			isa = PBXShellScriptBuildPhase;
			buildActionMask = 2147483647;
			files = (
			);
			inputPaths = (
			);
			name = "[CP] Copy Pods Resources";
			outputPaths = (
			);
			runOnlyForDeploymentPostprocessing = 0;
			shellPath = /bin/sh;
			shellScript = "\"${SRCROOT}/Pods/Target Support Files/Pods-ScrollViewHeaderView/Pods-ScrollViewHeaderView-resources.sh\"\n";
			showEnvVarsInLog = 0;
		};
		736F2B15D1247C672C7C52F8 /* [CP] Embed Pods Frameworks */ = {
			isa = PBXShellScriptBuildPhase;
			buildActionMask = 2147483647;
			files = (
			);
			inputPaths = (
			);
			name = "[CP] Embed Pods Frameworks";
			outputPaths = (
			);
			runOnlyForDeploymentPostprocessing = 0;
			shellPath = /bin/sh;
			shellScript = "\"${SRCROOT}/Pods/Target Support Files/Pods-ScrollViewHeaderView/Pods-ScrollViewHeaderView-frameworks.sh\"\n";
			showEnvVarsInLog = 0;
		};
/* End PBXShellScriptBuildPhase section */

/* Begin PBXSourcesBuildPhase section */
		7C2E9B491D94F5900095D525 /* Sources */ = {
			isa = PBXSourcesBuildPhase;
			buildActionMask = 2147483647;
			files = (
				7C2E9B691D94F8290095D525 /* ScrollHeaderView.m in Sources */,
				7CA475391D961F4E00FF014F /* XHScrollView.m in Sources */,
				7C2E9B581D94F5900095D525 /* ViewController.m in Sources */,
				7CA4752A1D960E6100FF014F /* XHScrollPageView.m in Sources */,
				7C2E9B551D94F5900095D525 /* AppDelegate.m in Sources */,
				7C2E9B521D94F5900095D525 /* main.m in Sources */,
			);
			runOnlyForDeploymentPostprocessing = 0;
		};
/* End PBXSourcesBuildPhase section */

/* Begin PBXVariantGroup section */
		7C2E9B591D94F5900095D525 /* Main.storyboard */ = {
			isa = PBXVariantGroup;
			children = (
				7C2E9B5A1D94F5900095D525 /* Base */,
			);
			name = Main.storyboard;
			sourceTree = "<group>";
		};
		7C2E9B5E1D94F5900095D525 /* LaunchScreen.storyboard */ = {
			isa = PBXVariantGroup;
			children = (
				7C2E9B5F1D94F5900095D525 /* Base */,
			);
			name = LaunchScreen.storyboard;
			sourceTree = "<group>";
		};
/* End PBXVariantGroup section */

/* Begin XCBuildConfiguration section */
		7C2E9B621D94F5900095D525 /* Debug */ = {
			isa = XCBuildConfiguration;
			buildSettings = {
				ALWAYS_SEARCH_USER_PATHS = NO;
				CLANG_ANALYZER_NONNULL = YES;
				CLANG_CXX_LANGUAGE_STANDARD = "gnu++0x";
				CLANG_CXX_LIBRARY = "libc++";
				CLANG_ENABLE_MODULES = YES;
				CLANG_ENABLE_OBJC_ARC = YES;
				CLANG_WARN_BOOL_CONVERSION = YES;
				CLANG_WARN_CONSTANT_CONVERSION = YES;
				CLANG_WARN_DIRECT_OBJC_ISA_USAGE = YES_ERROR;
				CLANG_WARN_DOCUMENTATION_COMMENTS = YES;
				CLANG_WARN_EMPTY_BODY = YES;
				CLANG_WARN_ENUM_CONVERSION = YES;
				CLANG_WARN_INFINITE_RECURSION = YES;
				CLANG_WARN_INT_CONVERSION = YES;
				CLANG_WARN_OBJC_ROOT_CLASS = YES_ERROR;
				CLANG_WARN_SUSPICIOUS_MOVES = YES;
				CLANG_WARN_UNREACHABLE_CODE = YES;
				CLANG_WARN__DUPLICATE_METHOD_MATCH = YES;
				"CODE_SIGN_IDENTITY[sdk=iphoneos*]" = "iPhone Developer";
				COPY_PHASE_STRIP = NO;
				DEBUG_INFORMATION_FORMAT = dwarf;
				ENABLE_STRICT_OBJC_MSGSEND = YES;
				ENABLE_TESTABILITY = YES;
				GCC_C_LANGUAGE_STANDARD = gnu99;
				GCC_DYNAMIC_NO_PIC = NO;
				GCC_NO_COMMON_BLOCKS = YES;
				GCC_OPTIMIZATION_LEVEL = 0;
				GCC_PREPROCESSOR_DEFINITIONS = (
					"DEBUG=1",
					"$(inherited)",
				);
				GCC_WARN_64_TO_32_BIT_CONVERSION = YES;
				GCC_WARN_ABOUT_RETURN_TYPE = YES_ERROR;
				GCC_WARN_UNDECLARED_SELECTOR = YES;
				GCC_WARN_UNINITIALIZED_AUTOS = YES_AGGRESSIVE;
				GCC_WARN_UNUSED_FUNCTION = YES;
				GCC_WARN_UNUSED_VARIABLE = YES;
				IPHONEOS_DEPLOYMENT_TARGET = 10.0;
				MTL_ENABLE_DEBUG_INFO = YES;
				ONLY_ACTIVE_ARCH = YES;
				SDKROOT = iphoneos;
				TARGETED_DEVICE_FAMILY = "1,2";
			};
			name = Debug;
		};
		7C2E9B631D94F5900095D525 /* Release */ = {
			isa = XCBuildConfiguration;
			buildSettings = {
				ALWAYS_SEARCH_USER_PATHS = NO;
				CLANG_ANALYZER_NONNULL = YES;
				CLANG_CXX_LANGUAGE_STANDARD = "gnu++0x";
				CLANG_CXX_LIBRARY = "libc++";
				CLANG_ENABLE_MODULES = YES;
				CLANG_ENABLE_OBJC_ARC = YES;
				CLANG_WARN_BOOL_CONVERSION = YES;
				CLANG_WARN_CONSTANT_CONVERSION = YES;
				CLANG_WARN_DIRECT_OBJC_ISA_USAGE = YES_ERROR;
				CLANG_WARN_DOCUMENTATION_COMMENTS = YES;
				CLANG_WARN_EMPTY_BODY = YES;
				CLANG_WARN_ENUM_CONVERSION = YES;
				CLANG_WARN_INFINITE_RECURSION = YES;
				CLANG_WARN_INT_CONVERSION = YES;
				CLANG_WARN_OBJC_ROOT_CLASS = YES_ERROR;
				CLANG_WARN_SUSPICIOUS_MOVES = YES;
				CLANG_WARN_UNREACHABLE_CODE = YES;
				CLANG_WARN__DUPLICATE_METHOD_MATCH = YES;
				"CODE_SIGN_IDENTITY[sdk=iphoneos*]" = "iPhone Developer";
				COPY_PHASE_STRIP = NO;
				DEBUG_INFORMATION_FORMAT = "dwarf-with-dsym";
				ENABLE_NS_ASSERTIONS = NO;
				ENABLE_STRICT_OBJC_MSGSEND = YES;
				GCC_C_LANGUAGE_STANDARD = gnu99;
				GCC_NO_COMMON_BLOCKS = YES;
				GCC_WARN_64_TO_32_BIT_CONVERSION = YES;
				GCC_WARN_ABOUT_RETURN_TYPE = YES_ERROR;
				GCC_WARN_UNDECLARED_SELECTOR = YES;
				GCC_WARN_UNINITIALIZED_AUTOS = YES_AGGRESSIVE;
				GCC_WARN_UNUSED_FUNCTION = YES;
				GCC_WARN_UNUSED_VARIABLE = YES;
				IPHONEOS_DEPLOYMENT_TARGET = 10.0;
				MTL_ENABLE_DEBUG_INFO = NO;
				SDKROOT = iphoneos;
				TARGETED_DEVICE_FAMILY = "1,2";
				VALIDATE_PRODUCT = YES;
			};
			name = Release;
		};
		7C2E9B651D94F5900095D525 /* Debug */ = {
			isa = XCBuildConfiguration;
			baseConfigurationReference = BB86EC67C0F39837BF018FBD /* Pods-ScrollViewHeaderView.debug.xcconfig */;
			buildSettings = {
				ASSETCATALOG_COMPILER_APPICON_NAME = AppIcon;
				DEVELOPMENT_TEAM = RFH8RWQMTB;
				INFOPLIST_FILE = ScrollViewHeaderView/Info.plist;
				IPHONEOS_DEPLOYMENT_TARGET = 9.0;
				LD_RUNPATH_SEARCH_PATHS = "$(inherited) @executable_path/Frameworks";
				PRODUCT_BUNDLE_IDENTIFIER = com.iyoungsun.ScrollViewHeaderView;
				PRODUCT_NAME = "$(TARGET_NAME)";
			};
			name = Debug;
		};
		7C2E9B661D94F5900095D525 /* Release */ = {
			isa = XCBuildConfiguration;
			baseConfigurationReference = 5B7211E8B644C33160C406AD /* Pods-ScrollViewHeaderView.release.xcconfig */;
			buildSettings = {
				ASSETCATALOG_COMPILER_APPICON_NAME = AppIcon;
				DEVELOPMENT_TEAM = RFH8RWQMTB;
				INFOPLIST_FILE = ScrollViewHeaderView/Info.plist;
				IPHONEOS_DEPLOYMENT_TARGET = 9.0;
				LD_RUNPATH_SEARCH_PATHS = "$(inherited) @executable_path/Frameworks";
				PRODUCT_BUNDLE_IDENTIFIER = com.iyoungsun.ScrollViewHeaderView;
				PRODUCT_NAME = "$(TARGET_NAME)";
			};
			name = Release;
		};
/* End XCBuildConfiguration section */

/* Begin XCConfigurationList section */
		7C2E9B481D94F5900095D525 /* Build configuration list for PBXProject "ScrollViewHeaderView" */ = {
			isa = XCConfigurationList;
			buildConfigurations = (
				7C2E9B621D94F5900095D525 /* Debug */,
				7C2E9B631D94F5900095D525 /* Release */,
			);
			defaultConfigurationIsVisible = 0;
			defaultConfigurationName = Release;
		};
		7C2E9B641D94F5900095D525 /* Build configuration list for PBXNativeTarget "ScrollViewHeaderView" */ = {
			isa = XCConfigurationList;
			buildConfigurations = (
				7C2E9B651D94F5900095D525 /* Debug */,
				7C2E9B661D94F5900095D525 /* Release */,
			);
			defaultConfigurationIsVisible = 0;
			defaultConfigurationName = Release;
		};
/* End XCConfigurationList section */
	};
	rootObject = 7C2E9B451D94F5900095D525 /* Project object */;
}
